Microsoft Visual Studio Solution File, Format Version 11.00
# Visual Studio 2010
Project("{925DCCF6-8CE3-4936-ACD7-D6B97ACC27A6}") = "raceteammanager", ".dub/raceteammanager.visualdproj", "{E1174391-36CD-41EA-B3C3-AEB19A2EC259}"
	ProjectSection(ProjectDependencies) = postProject
		{E3E254FC-D661-43F4-BAE5-572D9D3F0E1F} = {E3E254FC-D661-43F4-BAE5-572D9D3F0E1F}
		{39F5FE16-596C-433E-AD06-4A2BB824D67F} = {39F5FE16-596C-433E-AD06-4A2BB824D67F}
		{66F566E6-EB68-4B41-820A-8FADA856ABC1} = {66F566E6-EB68-4B41-820A-8FADA856ABC1}
		{E3EFF60B-9740-4CF1-87F0-8141A22EA233} = {E3EFF60B-9740-4CF1-87F0-8141A22EA233}
	EndProjectSection
EndProject
Project("{925DCCF6-8CE3-4936-ACD7-D6B97ACC27A6}") = "automem", ".dub/automem.visualdproj", "{E3E254FC-D661-43F4-BAE5-572D9D3F0E1F}"
EndProject
Project("{925DCCF6-8CE3-4936-ACD7-D6B97ACC27A6}") = "emsi_containers", ".dub/emsi_containers.visualdproj", "{39F5FE16-596C-433E-AD06-4A2BB824D67F}"
EndProject
Project("{925DCCF6-8CE3-4936-ACD7-D6B97ACC27A6}") = "stdx-allocator", ".dub/stdx-allocator.visualdproj", "{66F566E6-EB68-4B41-820A-8FADA856ABC1}"
EndProject
Project("{925DCCF6-8CE3-4936-ACD7-D6B97ACC27A6}") = "faked", ".dub/faked.visualdproj", "{E3EFF60B-9740-4CF1-87F0-8141A22EA233}"
EndProject
Global
	GlobalSection(SolutionConfigurationPlatforms) = preSolution
		debug|x64 = debug|x64
	EndGlobalSection
	GlobalSection(ProjectConfigurationPlatforms) = postSolution
		{E3EFF60B-9740-4CF1-87F0-8141A22EA233}.debug|x64.ActiveCfg = debug|x64
		{E3EFF60B-9740-4CF1-87F0-8141A22EA233}.debug|x64.Build.0 = debug|x64
		{E1174391-36CD-41EA-B3C3-AEB19A2EC259}.debug|x64.ActiveCfg = debug|x64
		{E1174391-36CD-41EA-B3C3-AEB19A2EC259}.debug|x64.Build.0 = debug|x64
		{E3E254FC-D661-43F4-BAE5-572D9D3F0E1F}.debug|x64.ActiveCfg = debug|x64
		{E3E254FC-D661-43F4-BAE5-572D9D3F0E1F}.debug|x64.Build.0 = debug|x64
		{66F566E6-EB68-4B41-820A-8FADA856ABC1}.debug|x64.ActiveCfg = debug|x64
		{66F566E6-EB68-4B41-820A-8FADA856ABC1}.debug|x64.Build.0 = debug|x64
		{39F5FE16-596C-433E-AD06-4A2BB824D67F}.debug|x64.ActiveCfg = debug|x64
		{39F5FE16-596C-433E-AD06-4A2BB824D67F}.debug|x64.Build.0 = debug|x64
	EndGlobalSection
	GlobalSection(SolutionProperties) = preSolution
		HideSolutionNode = FALSE
	EndGlobalSection
EndGlobal
